# THIS IS AN AUTOGENERATED FILE. DO NOT EDIT THIS FILE DIRECTLY.
# yarn lockfile v1


"2d-polygon-area@^1.0.0":
  version "1.0.0"
  resolved "https://registry.yarnpkg.com/2d-polygon-area/-/2d-polygon-area-1.0.0.tgz#2101b1f340116fda962c27656d2e49d261b4f4f8"
  integrity sha512-CAjFfFDX+a7qvr6qA8Cvn9HYOZM/nktEDQzSNZRzvH0rd9L/JHp+xXc1iAppVkUIqz4+bqRDArk8coVdirtNHA==

"2d-polygon-boolean@~1.0.0":
  version "1.0.1"
  resolved "https://registry.yarnpkg.com/2d-polygon-boolean/-/2d-polygon-boolean-1.0.1.tgz#f7ae11a2fc97d5edf42ae980a3e546a2cf4715e0"
  integrity sha512-MCOjlgnRtBq3uOf5IO1aOW9izttFHjQXETYjEQIa3bbdwtdBjc0eiAOuxPfve6gHOr6JrcRm+s/+uyCmkYN5gQ==
  dependencies:
    "2d-polygon-area" "^1.0.0"
    point-in-big-polygon "~1.0.0"
    segseg "~0.2.0"
    signum "^1.0.0"

"2d-polygon-self-intersections@^1.2.2":
  version "1.3.1"
  resolved "https://registry.yarnpkg.com/2d-polygon-self-intersections/-/2d-polygon-self-intersections-1.3.1.tgz#a27a5537e761800258a9d4975c6642319a534a88"
  integrity sha512-5zBVP8+aN8T88FyZ4SD9WR/5lAASlLKSS6NCZYQR7aHwwHjXtBsF0Gpcq2a3S+jpMLxa+ct1iYWxGNo2kLcz+w==
  dependencies:
    exact-segment-intersect "^2.0.0"
    robust-estimate-float "^1.0.0"

binary-search-bounds@^2.0.0:
  version "2.0.5"
  resolved "https://registry.yarnpkg.com/binary-search-bounds/-/binary-search-bounds-2.0.5.tgz#125e5bd399882f71e6660d4bf1186384e989fba7"
  integrity sha512-H0ea4Fd3lS1+sTEB2TgcLoK21lLhwEJzlQv3IN47pJS976Gx4zoWe0ak3q+uYh60ppQxg9F16Ri4tS1sfD4+jA==

circle2@^1.1.0:
  version "1.1.1"
  resolved "https://registry.yarnpkg.com/circle2/-/circle2-1.1.1.tgz#db028816a608d9b19d2165b783512187970790a9"
  integrity sha512-FQmDPjmR+ELITJ0sE3rJqhXtfHTrCKCvgdtIkmQjlRE6TUnPfeGmQbbQ02HXQ+gqB+eWocMHaZuJhwuQVCVzJg==
  dependencies:
    circumcenter "^1.0.0"
    robust-estimate-float "^1.0.0"
    subdivide-arc "^1.0.1"
    vec2 "^1.6.0"

circumcenter@^1.0.0:
  version "1.0.0"
  resolved "https://registry.yarnpkg.com/circumcenter/-/circumcenter-1.0.0.tgz#20d7aa13b17fbac52f52da4f54c6ac8b906ee529"
  integrity sha512-YRw0mvttcISviaOtSmaHb2G3ZVbkxzYPQeAEd57/CFFtmOkwfRTw9XuxYZ7PCi2BYa0NajjHV6bq4nbY1VCC8g==
  dependencies:
    dup "^1.0.0"
    robust-linear-solve "^1.0.0"

dup@^1.0.0:
  version "1.0.0"
  resolved "https://registry.yarnpkg.com/dup/-/dup-1.0.0.tgz#51fc5ac685f8196469df0b905e934b20af5b4029"
  integrity sha512-Bz5jxMMC0wgp23Zm15ip1x8IhYRqJvF3nFC0UInJUDkN1z4uNPk9jTnfCUJXbOGiQ1JbXLQsiV41Fb+HXcj5BA==

earcut@^2.1.3:
  version "2.2.4"
  resolved "https://registry.yarnpkg.com/earcut/-/earcut-2.2.4.tgz#6d02fd4d68160c114825d06890a92ecaae60343a"
  integrity sha512-/pjZsA1b4RPHbeWZQn66SWS8nZZWLQQ23oE3Eam7aroEFGEvwKAsJfZ9ytiEMycfzXWpca4FA9QIOehf7PocBQ==

exact-segment-intersect@^2.0.0:
  version "2.0.0"
  resolved "https://registry.yarnpkg.com/exact-segment-intersect/-/exact-segment-intersect-2.0.0.tgz#432fc1fa771a19b0ae63facb8eedda7438e87778"
  integrity sha512-Qq3Rt+PJkWnqo26QcNk5VKmdqYEgvGRhsfs/o0D4jGWJkrRjFDhC7CCRg7omXwOPcrHDOv0vKV0BrCVOdyz5Wg==
  dependencies:
    robust-compress "^1.0.0"
    robust-scale "^1.0.2"
    robust-segment-intersect "^1.0.1"
    robust-sum "^1.0.0"
    two-product "^1.0.2"

functional-red-black-tree@^1.0.0:
  version "1.0.1"
  resolved "https://registry.yarnpkg.com/functional-red-black-tree/-/functional-red-black-tree-1.0.1.tgz#1b0ab3bd553b2a0d6399d29c0e3ea0b252078327"
  integrity sha512-dsKNQNdj6xA3T+QlADDA7mOSlX0qiMINjn0cgr+eGHGsbSHzTabcIogz2+p/iqP1Xs6EP/sS2SbqH+brGTbq0g==

geometry-extrude@^0.2.1:
  version "0.2.1"
  resolved "https://registry.yarnpkg.com/geometry-extrude/-/geometry-extrude-0.2.1.tgz#e4b9001a3dc90e3b488d5361faedb2e3265e4827"
  integrity sha512-mvOzSYpQE7oleGZnqAGK57Lstzbr4f65wa3eGpX5osP9ZCuvPBcte7SVhZ39Ubdfwj75kAXLjbyMBK2bV3ngTQ==
  dependencies:
    earcut "^2.1.3"

line2@^0.2.1:
  version "0.2.1"
  resolved "https://registry.yarnpkg.com/line2/-/line2-0.2.1.tgz#3bbd1bb47b5f307009caa526c7261ad1c237adf8"
  integrity sha512-qIem7D3vLOl5sX13z9L/EpOvNC0X3Fw/0XbrPsGYr+Ot/L4rh/zyPpe7p7pF0Ha4oqH39piB/WbX16pQj85NHA==
  dependencies:
    segseg "~0.2.1"
    vec2 "~1.3.4"

point-in-big-polygon@~1.0.0:
  version "1.0.0"
  resolved "https://registry.yarnpkg.com/point-in-big-polygon/-/point-in-big-polygon-1.0.0.tgz#18667257a18ba9ceaa39de4fc3a2cf4996a20225"
  integrity sha512-4ndmlqCakU2K3hskeJpgMp10RJubHfDbdhJpk09cwTLs5eHVDurq8etTSI5x5ITVKLIpHRLkAhaMHXsV7nluqw==
  dependencies:
    robust-orientation "^1.0.2"
    slab-decomposition "^1.0.1"

polygon@^1.0.2:
  version "1.0.2"
  resolved "https://registry.yarnpkg.com/polygon/-/polygon-1.0.2.tgz#b68ba54d8f54e7ab825842a56734bceab3ddb2e1"
  integrity sha512-QQKeZ8SPMjt+5Vy3t/gLkwUQwl5LXPGt/xlKxGjryNLRrJx+iFQWW45LdJiEibjiEL+jKE3TqCoGecI+YHC1jw==
  dependencies:
    "2d-polygon-boolean" "~1.0.0"
    "2d-polygon-self-intersections" "^1.2.2"
    circle2 "^1.1.0"
    circumcenter "^1.0.0"
    line2 "^0.2.1"
    segseg "~0.2.0"
    vec2 "^1.6.0"

robust-compress@^1.0.0:
  version "1.0.0"
  resolved "https://registry.yarnpkg.com/robust-compress/-/robust-compress-1.0.0.tgz#4cf62c4b318d8308516012bb8c11752f39329b1b"
  integrity sha512-E8btSpQ6zZr7LvRLrLvb+N5rwQ0etUbsXFKv5NQj6TVK6RYT00Qg9iVFvIWR+GxXUvpes7FDN0WfXa3l7wtGOw==

robust-determinant@^1.1.0:
  version "1.1.0"
  resolved "https://registry.yarnpkg.com/robust-determinant/-/robust-determinant-1.1.0.tgz#8ecae79b79caab3e74f6debe2237e5391a27e9c7"
  integrity sha512-xva9bx/vyAv3pVYL2++vlnvM9q7oQOeCS5iscmlWtmaXHEgI4GFWeuYPUVVhvmYwx9N49EsQTonVJihYtcMo1Q==
  dependencies:
    robust-compress "^1.0.0"
    robust-scale "^1.0.0"
    robust-sum "^1.0.0"
    two-product "^1.0.0"

robust-estimate-float@^1.0.0:
  version "1.0.0"
  resolved "https://registry.yarnpkg.com/robust-estimate-float/-/robust-estimate-float-1.0.0.tgz#cf3bde3311c0fcd2bb511f0c158901651d24defb"
  integrity sha512-TsNo0eQen8Lt1bqo1Jh1rlz88iejZV57zKAmFzbOem9eQxQnOj3yWdX0e2bLHGu9TJRieyzLG2mN94WQwOsZ1w==

robust-linear-solve@^1.0.0:
  version "1.0.0"
  resolved "https://registry.yarnpkg.com/robust-linear-solve/-/robust-linear-solve-1.0.0.tgz#0cd6ac5040691a6f2aa3cd6311d728905ca3a1f1"
  integrity sha512-I1qW8Bl9+UYeGNh2Vt8cwkcD74xWMyjnU6lSVcZrf0eyfwPmreflY3v0SvqCZOj5ddxnSS1Xp31igbFNcg1TGQ==
  dependencies:
    robust-determinant "^1.1.0"

robust-orientation@^1.0.2, robust-orientation@^1.1.3:
  version "1.2.1"
  resolved "https://registry.yarnpkg.com/robust-orientation/-/robust-orientation-1.2.1.tgz#f6c2b00a5df5f1cb9597be63a45190f273899361"
  integrity sha512-FuTptgKwY6iNuU15nrIJDLjXzCChWB+T4AvksRtwPS/WZ3HuP1CElCm1t+OBfgQKfWbtZIawip+61k7+buRKAg==
  dependencies:
    robust-scale "^1.0.2"
    robust-subtract "^1.0.0"
    robust-sum "^1.0.0"
    two-product "^1.0.2"

robust-product@^1.0.0:
  version "1.0.0"
  resolved "https://registry.yarnpkg.com/robust-product/-/robust-product-1.0.0.tgz#685250007cdbba7cf1de75bff6d2927011098abe"
  integrity sha512-7ww6m+ICW6Dt7ylHVy1aeeNwTfMXfh2BHqHVNE+CHvrU9sI97Vb6uHnid0MN3I9afTI5DXOB7q4SQa2fxuo2Gw==
  dependencies:
    robust-scale "^1.0.0"
    robust-sum "^1.0.0"

robust-scale@^1.0.0, robust-scale@^1.0.2:
  version "1.0.2"
  resolved "https://registry.yarnpkg.com/robust-scale/-/robust-scale-1.0.2.tgz#775132ed09542d028e58b2cc79c06290bcf78c32"
  integrity sha512-jBR91a/vomMAzazwpsPTPeuTPPmWBacwA+WYGNKcRGSh6xweuQ2ZbjRZ4v792/bZOhRKXRiQH0F48AvuajY0tQ==
  dependencies:
    two-product "^1.0.2"
    two-sum "^1.0.0"

robust-segment-intersect@^1.0.1:
  version "1.0.1"
  resolved "https://registry.yarnpkg.com/robust-segment-intersect/-/robust-segment-intersect-1.0.1.tgz#3252b6a0fc1ba14ade6915ccbe09cbce9aab1c1c"
  integrity sha512-QWngxcL7rCRLK7nTMcTNBPi/q+fecrOo6aOtTPnXjT/Dve5AK20DzUSq2fznUS+rCAxyir6OdPgDCzcUxFtJoQ==
  dependencies:
    robust-orientation "^1.1.3"

robust-split@^1.0.0:
  version "1.0.0"
  resolved "https://registry.yarnpkg.com/robust-split/-/robust-split-1.0.0.tgz#9a7d0c45022066f92e10445f4b73a31ca8b2f19d"
  integrity sha512-pYZgPQshfMdaBJ0yKukUtL2KUq9uoP+yknu+M0kQa1ncMG18NHPyKxbnjfuKLNk3QWY7c4M9gvr5XsELOHVM5g==

robust-subtract@^1.0.0:
  version "1.0.0"
  resolved "https://registry.yarnpkg.com/robust-subtract/-/robust-subtract-1.0.0.tgz#e0b164e1ed8ba4e3a5dda45a12038348dbed3e9a"
  integrity sha512-xhKUno+Rl+trmxAIVwjQMiVdpF5llxytozXJOdoT4eTIqmqsndQqFb1A0oiW3sZGlhMRhOi6pAD4MF1YYW6o/A==

robust-sum@^1.0.0:
  version "1.0.0"
  resolved "https://registry.yarnpkg.com/robust-sum/-/robust-sum-1.0.0.tgz#16646e525292b4d25d82757a286955e0bbfa53d9"
  integrity sha512-AvLExwpaqUqD1uwLU6MwzzfRdaI6VEZsyvQ3IAQ0ZJ08v1H+DTyqskrf2ZJyh0BDduFVLN7H04Zmc+qTiahhAw==

segseg@~0.2.0, segseg@~0.2.1:
  version "0.2.2"
  resolved "https://registry.yarnpkg.com/segseg/-/segseg-0.2.2.tgz#9620ac8d60d2f098c874b945c91cddfaffe3e3d7"
  integrity sha512-eEJ61YUpiq60wmp+o2SlmS3swgSc66QLzAlLBBUoMeEld/eekmSM4k+2f5Q2vb4QeDYkO0QFp9XSKycUGjRBYQ==

signum@^1.0.0:
  version "1.0.0"
  resolved "https://registry.yarnpkg.com/signum/-/signum-1.0.0.tgz#74a7d2bf2a20b40eba16a92b152124f1d559fa77"
  integrity sha512-yodFGwcyt59XRh7w5W3jPcIQb3Bwi21suEfT7MAWnBX3iCdklJpgDgvGT9o04UonglZN5SNMfJFkHIR/jO8GHw==

slab-decomposition@^1.0.1:
  version "1.0.3"
  resolved "https://registry.yarnpkg.com/slab-decomposition/-/slab-decomposition-1.0.3.tgz#0345b3d364d78dad3f400cd5c8e0424547d23e7c"
  integrity sha512-1EfR304JHvX9vYQkUi4AKqN62mLsjk6W45xTk/TxwN8zd3HGwS7PVj9zj0I6fgCZqfGlimDEY+RzzASHn97ZmQ==
  dependencies:
    binary-search-bounds "^2.0.0"
    functional-red-black-tree "^1.0.0"
    robust-orientation "^1.1.3"

subdivide-arc@^1.0.1:
  version "1.0.1"
  resolved "https://registry.yarnpkg.com/subdivide-arc/-/subdivide-arc-1.0.1.tgz#a9745a936edaa30640ce49247d30d5ee0fba9763"
  integrity sha512-0zyw3SyIiAXdd8qHiiFgxFdA+IphKs2V7/9CW72gTDwJwnHS3NuZzGXErCralxswMyez+V7j7L5vFdfSijYNJQ==
  dependencies:
    robust-estimate-float "^1.0.0"
    robust-product "^1.0.0"
    robust-scale "^1.0.2"
    robust-split "^1.0.0"
    robust-sum "^1.0.0"

two-product@^1.0.0, two-product@^1.0.2:
  version "1.0.2"
  resolved "https://registry.yarnpkg.com/two-product/-/two-product-1.0.2.tgz#67d95d4b257a921e2cb4bd7af9511f9088522eaa"
  integrity sha512-vOyrqmeYvzjToVM08iU52OFocWT6eB/I5LUWYnxeAPGXAhAxXYU/Yr/R2uY5/5n4bvJQL9AQulIuxpIsMoT8XQ==

two-sum@^1.0.0:
  version "1.0.0"
  resolved "https://registry.yarnpkg.com/two-sum/-/two-sum-1.0.0.tgz#31d3f32239e4f731eca9df9155e2b297f008ab64"
  integrity sha512-phP48e8AawgsNUjEY2WvoIWqdie8PoiDZGxTDv70LDr01uX5wLEQbOgSP7Z/B6+SW5oLtbe8qaYX2fKJs3CGTw==

vec2@^1.6.0:
  version "1.6.1"
  resolved "https://registry.yarnpkg.com/vec2/-/vec2-1.6.1.tgz#45fad8384558fb103000e48d54e60c02804d181d"
  integrity sha512-6/1i+Z2JSglrBQYCrjogt8f2X3pFXRpFOncMBrUL+T+640+bOBRRTXvZx3HUnaGelioNmfBLUnIIKdqwjO1hHw==

vec2@~1.3.4:
  version "1.3.4"
  resolved "https://registry.yarnpkg.com/vec2/-/vec2-1.3.4.tgz#f716846649243dc7d9136842d7e42a694e5779a6"
  integrity sha512-1Xz/hZrmSjf2LcCjGO/Abg4Kzjdq9xArSv/9NeyYU7sIkRlKax8sUgGhqV0T/JDZrUW0aEz3+wYIzENejR9HoA==
